
Microsoft Visual Studio Solution File, Format Version 12.00
# Visual Studio Version 17
VisualStudioVersion = 17.5.002.0
MinimumVisualStudioVersion = 10.0.40219.1
Project("{9A19103F-16F7-4668-BE54-9A1E7A4F7556}") = "robot-factory", "robot-factory.csproj", "{4459224B-678B-47B7-83E0-CE819B7F03C4}"
EndProject
Global
	GlobalSection(SolutionConfigurationPlatforms) = preSolution
		Debug|Any CPU = Debug|Any CPU
		Release|Any CPU = Release|Any CPU
	EndGlobalSection
	GlobalSection(ProjectConfigurationPlatforms) = postSolution
		{4459224B-678B-47B7-83E0-CE819B7F03C4}.Debug|Any CPU.ActiveCfg = Debug|Any CPU
		{4459224B-678B-47B7-83E0-CE819B7F03C4}.Debug|Any CPU.Build.0 = Debug|Any CPU
		{4459224B-678B-47B7-83E0-CE819B7F03C4}.Release|Any CPU.ActiveCfg = Release|Any CPU
		{4459224B-678B-47B7-83E0-CE819B7F03C4}.Release|Any CPU.Build.0 = Release|Any CPU
	EndGlobalSection
	GlobalSection(SolutionProperties) = preSolution
		HideSolutionNode = FALSE
	EndGlobalSection
	GlobalSection(ExtensibilityGlobals) = postSolution
		SolutionGuid = {7AAA2916-A4D3-4270-B47C-C92D77CB5604}
	EndGlobalSection
EndGlobal
