
Microsoft Visual Studio Solution File, Format Version 12.00
# Visual Studio Version 17
VisualStudioVersion = 17.5.002.0
MinimumVisualStudioVersion = 10.0.40219.1
Project("{9A19103F-16F7-4668-BE54-9A1E7A4F7556}") = "the-locked-door", "the-locked-door.csproj", "{1441D45F-5580-47BF-B810-FAF596CE07FB}"
EndProject
Global
	GlobalSection(SolutionConfigurationPlatforms) = preSolution
		Debug|Any CPU = Debug|Any CPU
		Release|Any CPU = Release|Any CPU
	EndGlobalSection
	GlobalSection(ProjectConfigurationPlatforms) = postSolution
		{1441D45F-5580-47BF-B810-FAF596CE07FB}.Debug|Any CPU.ActiveCfg = Debug|Any CPU
		{1441D45F-5580-47BF-B810-FAF596CE07FB}.Debug|Any CPU.Build.0 = Debug|Any CPU
		{1441D45F-5580-47BF-B810-FAF596CE07FB}.Release|Any CPU.ActiveCfg = Release|Any CPU
		{1441D45F-5580-47BF-B810-FAF596CE07FB}.Release|Any CPU.Build.0 = Release|Any CPU
	EndGlobalSection
	GlobalSection(SolutionProperties) = preSolution
		HideSolutionNode = FALSE
	EndGlobalSection
	GlobalSection(ExtensibilityGlobals) = postSolution
		SolutionGuid = {13929810-0BE3-491C-B542-26D433FF8D4B}
	EndGlobalSection
EndGlobal
